
Microsoft Visual Studio Solution File, Format Version 12.00
# Visual Studio 15
VisualStudioVersion = 15.0.27703.2000
MinimumVisualStudioVersion = 10.0.40219.1
Project("{FAE04EC0-301F-11D3-BF4B-00C04F79EFBC}") = "ShellContextMenuExample", "ShellContextMenuExample\ShellContextMenuExample.csproj", "{58713992-4331-4318-87BC-654973C82066}"
EndProject
Project("{54435603-DBB4-11D2-8724-00A0C9A8B90C}") = "ShellContextMenuExampleSetup", "ShellContextMenuExampleSetup\ShellContextMenuExampleSetup.vdproj", "{FB3D669A-BB2B-4689-B769-D895BA3E3D64}"
EndProject
Project("{2150E333-8FDC-42A3-9474-1A3956D46DE8}") = "SolutionItems", "SolutionItems", "{BAF7DE3D-4854-494D-A02C-289CC8FD9F19}"
	ProjectSection(SolutionItems) = preProject
		..\README.md = ..\README.md
		..\shellcontextmenu.png = ..\shellcontextmenu.png
	EndProjectSection
EndProject
Global
	GlobalSection(SolutionConfigurationPlatforms) = preSolution
		Debug|Any CPU = Debug|Any CPU
		Release|Any CPU = Release|Any CPU
	EndGlobalSection
	GlobalSection(ProjectConfigurationPlatforms) = postSolution
		{58713992-4331-4318-87BC-654973C82066}.Debug|Any CPU.ActiveCfg = Debug|Any CPU
		{58713992-4331-4318-87BC-654973C82066}.Debug|Any CPU.Build.0 = Debug|Any CPU
		{58713992-4331-4318-87BC-654973C82066}.Release|Any CPU.ActiveCfg = Release|Any CPU
		{58713992-4331-4318-87BC-654973C82066}.Release|Any CPU.Build.0 = Release|Any CPU
		{FB3D669A-BB2B-4689-B769-D895BA3E3D64}.Debug|Any CPU.ActiveCfg = Debug
		{FB3D669A-BB2B-4689-B769-D895BA3E3D64}.Release|Any CPU.ActiveCfg = Release
	EndGlobalSection
	GlobalSection(SolutionProperties) = preSolution
		HideSolutionNode = FALSE
	EndGlobalSection
	GlobalSection(ExtensibilityGlobals) = postSolution
		SolutionGuid = {972DE371-81B5-46BD-8843-067ABFC0B014}
	EndGlobalSection
EndGlobal
